// !$*UTF8*$!
{
	archiveVersion = 1;
	classes = {
	};
	objectVersion = 46;
	objects = {

/* Begin PBXBuildFile section */
		051686EC1BDCA4D40011EDA5 /* DiscoveryViewController.m in Sources */ = {isa = PBXBuildFile; fileRef = 051686EB1BDCA4D40011EDA5 /* DiscoveryViewController.m */; };
		051686EF1BDCA4DA0011EDA5 /* UIColor+Helper.m in Sources */ = {isa = PBXBuildFile; fileRef = 051686EE1BDCA4DA0011EDA5 /* UIColor+Helper.m */; };
		0545C2941BDC9DE800F90646 /* main.m in Sources */ = {isa = PBXBuildFile; fileRef = 0545C2931BDC9DE800F90646 /* main.m */; };
		0545C2971BDC9DE800F90646 /* AppDelegate.m in Sources */ = {isa = PBXBuildFile; fileRef = 0545C2961BDC9DE800F90646 /* AppDelegate.m */; };
		0545C29F1BDC9DE800F90646 /* Assets.xcassets in Resources */ = {isa = PBXBuildFile; fileRef = 0545C29E1BDC9DE800F90646 /* Assets.xcassets */; };
		0545C2A21BDC9DE800F90646 /* LaunchScreen.storyboard in Resources */ = {isa = PBXBuildFile; fileRef = 0545C2A01BDC9DE800F90646 /* LaunchScreen.storyboard */; };
		0545C2AD1BDC9DE800F90646 /* tmTests.m in Sources */ = {isa = PBXBuildFile; fileRef = 0545C2AC1BDC9DE800F90646 /* tmTests.m */; };
		0545C2B81BDC9DE800F90646 /* tmUITests.m in Sources */ = {isa = PBXBuildFile; fileRef = 0545C2B71BDC9DE800F90646 /* tmUITests.m */; };
		DFE80EAC9F4FD8A89A623C26 /* libPods-tm.a in Frameworks */ = {isa = PBXBuildFile; fileRef = D6E447FD7C50ACF0990EA127 /* libPods-tm.a */; };
/* End PBXBuildFile section */

/* Begin PBXContainerItemProxy section */
		0545C2A91BDC9DE800F90646 /* PBXContainerItemProxy */ = {
			isa = PBXContainerItemProxy;
			containerPortal = 0545C2871BDC9DE800F90646 /* Project object */;
			proxyType = 1;
			remoteGlobalIDString = 0545C28E1BDC9DE800F90646;
			remoteInfo = tm;
		};
		0545C2B41BDC9DE800F90646 /* PBXContainerItemProxy */ = {
			isa = PBXContainerItemProxy;
			containerPortal = 0545C2871BDC9DE800F90646 /* Project object */;
			proxyType = 1;
			remoteGlobalIDString = 0545C28E1BDC9DE800F90646;
			remoteInfo = tm;
		};
/* End PBXContainerItemProxy section */

/* Begin PBXFileReference section */
		051686EA1BDCA4D40011EDA5 /* DiscoveryViewController.h */ = {isa = PBXFileReference; fileEncoding = 4; lastKnownFileType = sourcecode.c.h; path = DiscoveryViewController.h; sourceTree = "<group>"; };
		051686EB1BDCA4D40011EDA5 /* DiscoveryViewController.m */ = {isa = PBXFileReference; fileEncoding = 4; lastKnownFileType = sourcecode.c.objc; path = DiscoveryViewController.m; sourceTree = "<group>"; };
		051686ED1BDCA4DA0011EDA5 /* UIColor+Helper.h */ = {isa = PBXFileReference; fileEncoding = 4; lastKnownFileType = sourcecode.c.h; path = "UIColor+Helper.h"; sourceTree = "<group>"; };
		051686EE1BDCA4DA0011EDA5 /* UIColor+Helper.m */ = {isa = PBXFileReference; fileEncoding = 4; lastKnownFileType = sourcecode.c.objc; path = "UIColor+Helper.m"; sourceTree = "<group>"; };
		0545C28F1BDC9DE800F90646 /* tm.app */ = {isa = PBXFileReference; explicitFileType = wrapper.application; includeInIndex = 0; path = tm.app; sourceTree = BUILT_PRODUCTS_DIR; };
		0545C2931BDC9DE800F90646 /* main.m */ = {isa = PBXFileReference; lastKnownFileType = sourcecode.c.objc; path = main.m; sourceTree = "<group>"; };
		0545C2951BDC9DE800F90646 /* AppDelegate.h */ = {isa = PBXFileReference; lastKnownFileType = sourcecode.c.h; path = AppDelegate.h; sourceTree = "<group>"; };
		0545C2961BDC9DE800F90646 /* AppDelegate.m */ = {isa = PBXFileReference; lastKnownFileType = sourcecode.c.objc; path = AppDelegate.m; sourceTree = "<group>"; };
		0545C29E1BDC9DE800F90646 /* Assets.xcassets */ = {isa = PBXFileReference; lastKnownFileType = folder.assetcatalog; path = Assets.xcassets; sourceTree = "<group>"; };
		0545C2A11BDC9DE800F90646 /* Base */ = {isa = PBXFileReference; lastKnownFileType = file.storyboard; name = Base; path = Base.lproj/LaunchScreen.storyboard; sourceTree = "<group>"; };
		0545C2A31BDC9DE800F90646 /* Info.plist */ = {isa = PBXFileReference; lastKnownFileType = text.plist.xml; path = Info.plist; sourceTree = "<group>"; };
		0545C2A81BDC9DE800F90646 /* tmTests.xctest */ = {isa = PBXFileReference; explicitFileType = wrapper.cfbundle; includeInIndex = 0; path = tmTests.xctest; sourceTree = BUILT_PRODUCTS_DIR; };
		0545C2AC1BDC9DE800F90646 /* tmTests.m */ = {isa = PBXFileReference; lastKnownFileType = sourcecode.c.objc; path = tmTests.m; sourceTree = "<group>"; };
		0545C2AE1BDC9DE800F90646 /* Info.plist */ = {isa = PBXFileReference; lastKnownFileType = text.plist.xml; path = Info.plist; sourceTree = "<group>"; };
		0545C2B31BDC9DE800F90646 /* tmUITests.xctest */ = {isa = PBXFileReference; explicitFileType = wrapper.cfbundle; includeInIndex = 0; path = tmUITests.xctest; sourceTree = BUILT_PRODUCTS_DIR; };
		0545C2B71BDC9DE800F90646 /* tmUITests.m */ = {isa = PBXFileReference; lastKnownFileType = sourcecode.c.objc; path = tmUITests.m; sourceTree = "<group>"; };
		0545C2B91BDC9DE800F90646 /* Info.plist */ = {isa = PBXFileReference; lastKnownFileType = text.plist.xml; path = Info.plist; sourceTree = "<group>"; };
		2F421547FB79C17DF51F9615 /* Pods-tm.release.xcconfig */ = {isa = PBXFileReference; includeInIndex = 1; lastKnownFileType = text.xcconfig; name = "Pods-tm.release.xcconfig"; path = "Pods/Target Support Files/Pods-tm/Pods-tm.release.xcconfig"; sourceTree = "<group>"; };
		4167267BAE797D2CCB743627 /* Pods-tm.debug.xcconfig */ = {isa = PBXFileReference; includeInIndex = 1; lastKnownFileType = text.xcconfig; name = "Pods-tm.debug.xcconfig"; path = "Pods/Target Support Files/Pods-tm/Pods-tm.debug.xcconfig"; sourceTree = "<group>"; };
		D6E447FD7C50ACF0990EA127 /* libPods-tm.a */ = {isa = PBXFileReference; explicitFileType = archive.ar; includeInIndex = 0; path = "libPods-tm.a"; sourceTree = BUILT_PRODUCTS_DIR; };
/* End PBXFileReference section */

/* Begin PBXFrameworksBuildPhase section */
		0545C28C1BDC9DE800F90646 /* Frameworks */ = {
			isa = PBXFrameworksBuildPhase;
			buildActionMask = 2147483647;
			files = (
				DFE80EAC9F4FD8A89A623C26 /* libPods-tm.a in Frameworks */,
			);
			runOnlyForDeploymentPostprocessing = 0;
		};
		0545C2A51BDC9DE800F90646 /* Frameworks */ = {
			isa = PBXFrameworksBuildPhase;
			buildActionMask = 2147483647;
			files = (
			);
			runOnlyForDeploymentPostprocessing = 0;
		};
		0545C2B01BDC9DE800F90646 /* Frameworks */ = {
			isa = PBXFrameworksBuildPhase;
			buildActionMask = 2147483647;
			files = (
			);
			runOnlyForDeploymentPostprocessing = 0;
		};
/* End PBXFrameworksBuildPhase section */

/* Begin PBXGroup section */
		051686E41BDCA4720011EDA5 /* Controllers */ = {
			isa = PBXGroup;
			children = (
				051686EA1BDCA4D40011EDA5 /* DiscoveryViewController.h */,
				051686EB1BDCA4D40011EDA5 /* DiscoveryViewController.m */,
			);
			path = Controllers;
			sourceTree = "<group>";
		};
		051686E51BDCA4780011EDA5 /* Models */ = {
			isa = PBXGroup;
			children = (
			);
			path = Models;
			sourceTree = "<group>";
		};
		051686E61BDCA47F0011EDA5 /* Views */ = {
			isa = PBXGroup;
			children = (
			);
			path = Views;
			sourceTree = "<group>";
		};
		051686E71BDCA4850011EDA5 /* Utils */ = {
			isa = PBXGroup;
			children = (
			);
			path = Utils;
			sourceTree = "<group>";
		};
		051686E81BDCA48B0011EDA5 /* Additions */ = {
			isa = PBXGroup;
			children = (
			);
			path = Additions;
			sourceTree = "<group>";
		};
		051686E91BDCA4930011EDA5 /* Categories */ = {
			isa = PBXGroup;
			children = (
				051686ED1BDCA4DA0011EDA5 /* UIColor+Helper.h */,
				051686EE1BDCA4DA0011EDA5 /* UIColor+Helper.m */,
			);
			path = Categories;
			sourceTree = "<group>";
		};
		0545C2861BDC9DE800F90646 = {
			isa = PBXGroup;
			children = (
				0545C2911BDC9DE800F90646 /* tm */,
				0545C2AB1BDC9DE800F90646 /* tmTests */,
				0545C2B61BDC9DE800F90646 /* tmUITests */,
				0545C2901BDC9DE800F90646 /* Products */,
				CF4598C13DC45BCEB53391FC /* Pods */,
				683CDE5A955A3849F471BC45 /* Frameworks */,
			);
			sourceTree = "<group>";
		};
		0545C2901BDC9DE800F90646 /* Products */ = {
			isa = PBXGroup;
			children = (
				0545C28F1BDC9DE800F90646 /* tm.app */,
				0545C2A81BDC9DE800F90646 /* tmTests.xctest */,
				0545C2B31BDC9DE800F90646 /* tmUITests.xctest */,
			);
			name = Products;
			sourceTree = "<group>";
		};
		0545C2911BDC9DE800F90646 /* tm */ = {
			isa = PBXGroup;
			children = (
				051686E91BDCA4930011EDA5 /* Categories */,
				051686E81BDCA48B0011EDA5 /* Additions */,
				051686E71BDCA4850011EDA5 /* Utils */,
				051686E61BDCA47F0011EDA5 /* Views */,
				051686E51BDCA4780011EDA5 /* Models */,
				051686E41BDCA4720011EDA5 /* Controllers */,
				0545C2951BDC9DE800F90646 /* AppDelegate.h */,
				0545C2961BDC9DE800F90646 /* AppDelegate.m */,
				0545C2921BDC9DE800F90646 /* Supporting Files */,
			);
			path = tm;
			sourceTree = "<group>";
		};
		0545C2921BDC9DE800F90646 /* Supporting Files */ = {
			isa = PBXGroup;
			children = (
				0545C29E1BDC9DE800F90646 /* Assets.xcassets */,
				0545C2A01BDC9DE800F90646 /* LaunchScreen.storyboard */,
				0545C2A31BDC9DE800F90646 /* Info.plist */,
				0545C2931BDC9DE800F90646 /* main.m */,
			);
			name = "Supporting Files";
			sourceTree = "<group>";
		};
		0545C2AB1BDC9DE800F90646 /* tmTests */ = {
			isa = PBXGroup;
			children = (
				0545C2AC1BDC9DE800F90646 /* tmTests.m */,
				0545C2AE1BDC9DE800F90646 /* Info.plist */,
			);
			path = tmTests;
			sourceTree = "<group>";
		};
		0545C2B61BDC9DE800F90646 /* tmUITests */ = {
			isa = PBXGroup;
			children = (
				0545C2B71BDC9DE800F90646 /* tmUITests.m */,
				0545C2B91BDC9DE800F90646 /* Info.plist */,
			);
			path = tmUITests;
			sourceTree = "<group>";
		};
		683CDE5A955A3849F471BC45 /* Frameworks */ = {
			isa = PBXGroup;
			children = (
				D6E447FD7C50ACF0990EA127 /* libPods-tm.a */,
			);
			name = Frameworks;
			sourceTree = "<group>";
		};
		CF4598C13DC45BCEB53391FC /* Pods */ = {
			isa = PBXGroup;
			children = (
				4167267BAE797D2CCB743627 /* Pods-tm.debug.xcconfig */,
				2F421547FB79C17DF51F9615 /* Pods-tm.release.xcconfig */,
			);
			name = Pods;
			sourceTree = "<group>";
		};
/* End PBXGroup section */

/* Begin PBXNativeTarget section */
		0545C28E1BDC9DE800F90646 /* tm */ = {
			isa = PBXNativeTarget;
			buildConfigurationList = 0545C2BC1BDC9DE800F90646 /* Build configuration list for PBXNativeTarget "tm" */;
			buildPhases = (
				B7A0CE8F0210649E2E375137 /* Check Pods Manifest.lock */,
				0545C28B1BDC9DE800F90646 /* Sources */,
				0545C28C1BDC9DE800F90646 /* Frameworks */,
				0545C28D1BDC9DE800F90646 /* Resources */,
				56031623447CE2FE2882B90E /* Embed Pods Frameworks */,
				314FD2B1E9B0F88337562821 /* Copy Pods Resources */,
			);
			buildRules = (
			);
			dependencies = (
			);
			name = tm;
			productName = tm;
			productReference = 0545C28F1BDC9DE800F90646 /* tm.app */;
			productType = "com.apple.product-type.application";
		};
		0545C2A71BDC9DE800F90646 /* tmTests */ = {
			isa = PBXNativeTarget;
			buildConfigurationList = 0545C2BF1BDC9DE800F90646 /* Build configuration list for PBXNativeTarget "tmTests" */;
			buildPhases = (
				0545C2A41BDC9DE800F90646 /* Sources */,
				0545C2A51BDC9DE800F90646 /* Frameworks */,
				0545C2A61BDC9DE800F90646 /* Resources */,
			);
			buildRules = (
			);
			dependencies = (
				0545C2AA1BDC9DE800F90646 /* PBXTargetDependency */,
			);
			name = tmTests;
			productName = tmTests;
			productReference = 0545C2A81BDC9DE800F90646 /* tmTests.xctest */;
			productType = "com.apple.product-type.bundle.unit-test";
		};
		0545C2B21BDC9DE800F90646 /* tmUITests */ = {
			isa = PBXNativeTarget;
			buildConfigurationList = 0545C2C21BDC9DE800F90646 /* Build configuration list for PBXNativeTarget "tmUITests" */;
			buildPhases = (
				0545C2AF1BDC9DE800F90646 /* Sources */,
				0545C2B01BDC9DE800F90646 /* Frameworks */,
				0545C2B11BDC9DE800F90646 /* Resources */,
			);
			buildRules = (
			);
			dependencies = (
				0545C2B51BDC9DE800F90646 /* PBXTargetDependency */,
			);
			name = tmUITests;
			productName = tmUITests;
			productReference = 0545C2B31BDC9DE800F90646 /* tmUITests.xctest */;
			productType = "com.apple.product-type.bundle.ui-testing";
		};
/* End PBXNativeTarget section */

/* Begin PBXProject section */
		0545C2871BDC9DE800F90646 /* Project object */ = {
			isa = PBXProject;
			attributes = {
				LastUpgradeCheck = 0710;
				ORGANIZATIONNAME = hustlzp;
				TargetAttributes = {
					0545C28E1BDC9DE800F90646 = {
						CreatedOnToolsVersion = 7.1;
						DevelopmentTeam = N26JLKH94G;
					};
					0545C2A71BDC9DE800F90646 = {
						CreatedOnToolsVersion = 7.1;
						TestTargetID = 0545C28E1BDC9DE800F90646;
					};
					0545C2B21BDC9DE800F90646 = {
						CreatedOnToolsVersion = 7.1;
						TestTargetID = 0545C28E1BDC9DE800F90646;
					};
				};
			};
			buildConfigurationList = 0545C28A1BDC9DE800F90646 /* Build configuration list for PBXProject "tm" */;
			compatibilityVersion = "Xcode 3.2";
			developmentRegion = English;
			hasScannedForEncodings = 0;
			knownRegions = (
				en,
				Base,
			);
			mainGroup = 0545C2861BDC9DE800F90646;
			productRefGroup = 0545C2901BDC9DE800F90646 /* Products */;
			projectDirPath = "";
			projectRoot = "";
			targets = (
				0545C28E1BDC9DE800F90646 /* tm */,
				0545C2A71BDC9DE800F90646 /* tmTests */,
				0545C2B21BDC9DE800F90646 /* tmUITests */,
			);
		};
/* End PBXProject section */

/* Begin PBXResourcesBuildPhase section */
		0545C28D1BDC9DE800F90646 /* Resources */ = {
			isa = PBXResourcesBuildPhase;
			buildActionMask = 2147483647;
			files = (
				0545C2A21BDC9DE800F90646 /* LaunchScreen.storyboard in Resources */,
				0545C29F1BDC9DE800F90646 /* Assets.xcassets in Resources */,
			);
			runOnlyForDeploymentPostprocessing = 0;
		};
		0545C2A61BDC9DE800F90646 /* Resources */ = {
			isa = PBXResourcesBuildPhase;
			buildActionMask = 2147483647;
			files = (
			);
			runOnlyForDeploymentPostprocessing = 0;
		};
		0545C2B11BDC9DE800F90646 /* Resources */ = {
			isa = PBXResourcesBuildPhase;
			buildActionMask = 2147483647;
			files = (
			);
			runOnlyForDeploymentPostprocessing = 0;
		};
/* End PBXResourcesBuildPhase section */

/* Begin PBXShellScriptBuildPhase section */
		314FD2B1E9B0F88337562821 /* Copy Pods Resources */ = {
			isa = PBXShellScriptBuildPhase;
			buildActionMask = 2147483647;
			files = (
			);
			inputPaths = (
			);
			name = "Copy Pods Resources";
			outputPaths = (
			);
			runOnlyForDeploymentPostprocessing = 0;
			shellPath = /bin/sh;
			shellScript = "\"${SRCROOT}/Pods/Target Support Files/Pods-tm/Pods-tm-resources.sh\"\n";
			showEnvVarsInLog = 0;
		};
		56031623447CE2FE2882B90E /* Embed Pods Frameworks */ = {
			isa = PBXShellScriptBuildPhase;
			buildActionMask = 2147483647;
			files = (
			);
			inputPaths = (
			);
			name = "Embed Pods Frameworks";
			outputPaths = (
			);
			runOnlyForDeploymentPostprocessing = 0;
			shellPath = /bin/sh;
			shellScript = "\"${SRCROOT}/Pods/Target Support Files/Pods-tm/Pods-tm-frameworks.sh\"\n";
			showEnvVarsInLog = 0;
		};
		B7A0CE8F0210649E2E375137 /* Check Pods Manifest.lock */ = {
			isa = PBXShellScriptBuildPhase;
			buildActionMask = 2147483647;
			files = (
			);
			inputPaths = (
			);
			name = "Check Pods Manifest.lock";
			outputPaths = (
			);
			runOnlyForDeploymentPostprocessing = 0;
			shellPath = /bin/sh;
			shellScript = "diff \"${PODS_ROOT}/../Podfile.lock\" \"${PODS_ROOT}/Manifest.lock\" > /dev/null\nif [[ $? != 0 ]] ; then\n    cat << EOM\nerror: The sandbox is not in sync with the Podfile.lock. Run 'pod install' or update your CocoaPods installation.\nEOM\n    exit 1\nfi\n";
			showEnvVarsInLog = 0;
		};
/* End PBXShellScriptBuildPhase section */

/* Begin PBXSourcesBuildPhase section */
		0545C28B1BDC9DE800F90646 /* Sources */ = {
			isa = PBXSourcesBuildPhase;
			buildActionMask = 2147483647;
			files = (
				051686EC1BDCA4D40011EDA5 /* DiscoveryViewController.m in Sources */,
				0545C2971BDC9DE800F90646 /* AppDelegate.m in Sources */,
				0545C2941BDC9DE800F90646 /* main.m in Sources */,
				051686EF1BDCA4DA0011EDA5 /* UIColor+Helper.m in Sources */,
			);
			runOnlyForDeploymentPostprocessing = 0;
		};
		0545C2A41BDC9DE800F90646 /* Sources */ = {
			isa = PBXSourcesBuildPhase;
			buildActionMask = 2147483647;
			files = (
				0545C2AD1BDC9DE800F90646 /* tmTests.m in Sources */,
			);
			runOnlyForDeploymentPostprocessing = 0;
		};
		0545C2AF1BDC9DE800F90646 /* Sources */ = {
			isa = PBXSourcesBuildPhase;
			buildActionMask = 2147483647;
			files = (
				0545C2B81BDC9DE800F90646 /* tmUITests.m in Sources */,
			);
			runOnlyForDeploymentPostprocessing = 0;
		};
/* End PBXSourcesBuildPhase section */

/* Begin PBXTargetDependency section */
		0545C2AA1BDC9DE800F90646 /* PBXTargetDependency */ = {
			isa = PBXTargetDependency;
			target = 0545C28E1BDC9DE800F90646 /* tm */;
			targetProxy = 0545C2A91BDC9DE800F90646 /* PBXContainerItemProxy */;
		};
		0545C2B51BDC9DE800F90646 /* PBXTargetDependency */ = {
			isa = PBXTargetDependency;
			target = 0545C28E1BDC9DE800F90646 /* tm */;
			targetProxy = 0545C2B41BDC9DE800F90646 /* PBXContainerItemProxy */;
		};
/* End PBXTargetDependency section */

/* Begin PBXVariantGroup section */
		0545C2A01BDC9DE800F90646 /* LaunchScreen.storyboard */ = {
			isa = PBXVariantGroup;
			children = (
				0545C2A11BDC9DE800F90646 /* Base */,
			);
			name = LaunchScreen.storyboard;
			sourceTree = "<group>";
		};
/* End PBXVariantGroup section */

/* Begin XCBuildConfiguration section */
		0545C2BA1BDC9DE800F90646 /* Debug */ = {
			isa = XCBuildConfiguration;
			buildSettings = {
				ALWAYS_SEARCH_USER_PATHS = NO;
				CLANG_CXX_LANGUAGE_STANDARD = "gnu++0x";
				CLANG_CXX_LIBRARY = "libc++";
				CLANG_ENABLE_MODULES = YES;
				CLANG_ENABLE_OBJC_ARC = YES;
				CLANG_WARN_BOOL_CONVERSION = YES;
				CLANG_WARN_CONSTANT_CONVERSION = YES;
				CLANG_WARN_DIRECT_OBJC_ISA_USAGE = YES_ERROR;
				CLANG_WARN_EMPTY_BODY = YES;
				CLANG_WARN_ENUM_CONVERSION = YES;
				CLANG_WARN_INT_CONVERSION = YES;
				CLANG_WARN_OBJC_ROOT_CLASS = YES_ERROR;
				CLANG_WARN_UNREACHABLE_CODE = YES;
				CLANG_WARN__DUPLICATE_METHOD_MATCH = YES;
				"CODE_SIGN_IDENTITY[sdk=iphoneos*]" = "iPhone Developer";
				COPY_PHASE_STRIP = NO;
				DEBUG_INFORMATION_FORMAT = dwarf;
				ENABLE_STRICT_OBJC_MSGSEND = YES;
				ENABLE_TESTABILITY = YES;
				GCC_C_LANGUAGE_STANDARD = gnu99;
				GCC_DYNAMIC_NO_PIC = NO;
				GCC_NO_COMMON_BLOCKS = YES;
				GCC_OPTIMIZATION_LEVEL = 0;
				GCC_PREPROCESSOR_DEFINITIONS = (
					"DEBUG=1",
					"$(inherited)",
				);
				GCC_WARN_64_TO_32_BIT_CONVERSION = YES;
				GCC_WARN_ABOUT_RETURN_TYPE = YES_ERROR;
				GCC_WARN_UNDECLARED_SELECTOR = YES;
				GCC_WARN_UNINITIALIZED_AUTOS = YES_AGGRESSIVE;
				GCC_WARN_UNUSED_FUNCTION = YES;
				GCC_WARN_UNUSED_VARIABLE = YES;
				IPHONEOS_DEPLOYMENT_TARGET = 9.1;
				MTL_ENABLE_DEBUG_INFO = YES;
				ONLY_ACTIVE_ARCH = YES;
				SDKROOT = iphoneos;
			};
			name = Debug;
		};
		0545C2BB1BDC9DE800F90646 /* Release */ = {
			isa = XCBuildConfiguration;
			buildSettings = {
				ALWAYS_SEARCH_USER_PATHS = NO;
				CLANG_CXX_LANGUAGE_STANDARD = "gnu++0x";
				CLANG_CXX_LIBRARY = "libc++";
				CLANG_ENABLE_MODULES = YES;
				CLANG_ENABLE_OBJC_ARC = YES;
				CLANG_WARN_BOOL_CONVERSION = YES;
				CLANG_WARN_CONSTANT_CONVERSION = YES;
				CLANG_WARN_DIRECT_OBJC_ISA_USAGE = YES_ERROR;
				CLANG_WARN_EMPTY_BODY = YES;
				CLANG_WARN_ENUM_CONVERSION = YES;
				CLANG_WARN_INT_CONVERSION = YES;
				CLANG_WARN_OBJC_ROOT_CLASS = YES_ERROR;
				CLANG_WARN_UNREACHABLE_CODE = YES;
				CLANG_WARN__DUPLICATE_METHOD_MATCH = YES;
				"CODE_SIGN_IDENTITY[sdk=iphoneos*]" = "iPhone Developer";
				COPY_PHASE_STRIP = NO;
				DEBUG_INFORMATION_FORMAT = "dwarf-with-dsym";
				ENABLE_NS_ASSERTIONS = NO;
				ENABLE_STRICT_OBJC_MSGSEND = YES;
				GCC_C_LANGUAGE_STANDARD = gnu99;
				GCC_NO_COMMON_BLOCKS = YES;
				GCC_WARN_64_TO_32_BIT_CONVERSION = YES;
				GCC_WARN_ABOUT_RETURN_TYPE = YES_ERROR;
				GCC_WARN_UNDECLARED_SELECTOR = YES;
				GCC_WARN_UNINITIALIZED_AUTOS = YES_AGGRESSIVE;
				GCC_WARN_UNUSED_FUNCTION = YES;
				GCC_WARN_UNUSED_VARIABLE = YES;
				IPHONEOS_DEPLOYMENT_TARGET = 9.1;
				MTL_ENABLE_DEBUG_INFO = NO;
				SDKROOT = iphoneos;
				VALIDATE_PRODUCT = YES;
			};
			name = Release;
		};
		0545C2BD1BDC9DE800F90646 /* Debug */ = {
			isa = XCBuildConfiguration;
			baseConfigurationReference = 4167267BAE797D2CCB743627 /* Pods-tm.debug.xcconfig */;
			buildSettings = {
				ASSETCATALOG_COMPILER_APPICON_NAME = AppIcon;
				CODE_SIGN_IDENTITY = "iPhone Developer";
				INFOPLIST_FILE = tm/Info.plist;
				IPHONEOS_DEPLOYMENT_TARGET = 8.0;
				LD_RUNPATH_SEARCH_PATHS = "$(inherited) @executable_path/Frameworks";
				PRODUCT_BUNDLE_IDENTIFIER = com.hustlzp.tm;
				PRODUCT_NAME = "$(TARGET_NAME)";
			};
			name = Debug;
		};
		0545C2BE1BDC9DE800F90646 /* Release */ = {
			isa = XCBuildConfiguration;
			baseConfigurationReference = 2F421547FB79C17DF51F9615 /* Pods-tm.release.xcconfig */;
			buildSettings = {
				ASSETCATALOG_COMPILER_APPICON_NAME = AppIcon;
				CODE_SIGN_IDENTITY = "iPhone Developer";
				INFOPLIST_FILE = tm/Info.plist;
				IPHONEOS_DEPLOYMENT_TARGET = 8.0;
				LD_RUNPATH_SEARCH_PATHS = "$(inherited) @executable_path/Frameworks";
				PRODUCT_BUNDLE_IDENTIFIER = com.hustlzp.tm;
				PRODUCT_NAME = "$(TARGET_NAME)";
			};
			name = Release;
		};
		0545C2C01BDC9DE800F90646 /* Debug */ = {
			isa = XCBuildConfiguration;
			buildSettings = {
				BUNDLE_LOADER = "$(TEST_HOST)";
				INFOPLIST_FILE = tmTests/Info.plist;
				LD_RUNPATH_SEARCH_PATHS = "$(inherited) @executable_path/Frameworks @loader_path/Frameworks";
				PRODUCT_BUNDLE_IDENTIFIER = com.hustlzp.tmTests;
				PRODUCT_NAME = "$(TARGET_NAME)";
				TEST_HOST = "$(BUILT_PRODUCTS_DIR)/tm.app/tm";
			};
			name = Debug;
		};
		0545C2C11BDC9DE800F90646 /* Release */ = {
			isa = XCBuildConfiguration;
			buildSettings = {
				BUNDLE_LOADER = "$(TEST_HOST)";
				INFOPLIST_FILE = tmTests/Info.plist;
				LD_RUNPATH_SEARCH_PATHS = "$(inherited) @executable_path/Frameworks @loader_path/Frameworks";
				PRODUCT_BUNDLE_IDENTIFIER = com.hustlzp.tmTests;
				PRODUCT_NAME = "$(TARGET_NAME)";
				TEST_HOST = "$(BUILT_PRODUCTS_DIR)/tm.app/tm";
			};
			name = Release;
		};
		0545C2C31BDC9DE800F90646 /* Debug */ = {
			isa = XCBuildConfiguration;
			buildSettings = {
				INFOPLIST_FILE = tmUITests/Info.plist;
				LD_RUNPATH_SEARCH_PATHS = "$(inherited) @executable_path/Frameworks @loader_path/Frameworks";
				PRODUCT_BUNDLE_IDENTIFIER = com.hustlzp.tmUITests;
				PRODUCT_NAME = "$(TARGET_NAME)";
				TEST_TARGET_NAME = tm;
				USES_XCTRUNNER = YES;
			};
			name = Debug;
		};
		0545C2C41BDC9DE800F90646 /* Release */ = {
			isa = XCBuildConfiguration;
			buildSettings = {
				INFOPLIST_FILE = tmUITests/Info.plist;
				LD_RUNPATH_SEARCH_PATHS = "$(inherited) @executable_path/Frameworks @loader_path/Frameworks";
				PRODUCT_BUNDLE_IDENTIFIER = com.hustlzp.tmUITests;
				PRODUCT_NAME = "$(TARGET_NAME)";
				TEST_TARGET_NAME = tm;
				USES_XCTRUNNER = YES;
			};
			name = Release;
		};
/* End XCBuildConfiguration section */

/* Begin XCConfigurationList section */
		0545C28A1BDC9DE800F90646 /* Build configuration list for PBXProject "tm" */ = {
			isa = XCConfigurationList;
			buildConfigurations = (
				0545C2BA1BDC9DE800F90646 /* Debug */,
				0545C2BB1BDC9DE800F90646 /* Release */,
			);
			defaultConfigurationIsVisible = 0;
			defaultConfigurationName = Release;
		};
		0545C2BC1BDC9DE800F90646 /* Build configuration list for PBXNativeTarget "tm" */ = {
			isa = XCConfigurationList;
			buildConfigurations = (
				0545C2BD1BDC9DE800F90646 /* Debug */,
				0545C2BE1BDC9DE800F90646 /* Release */,
			);
			defaultConfigurationIsVisible = 0;
			defaultConfigurationName = Release;
		};
		0545C2BF1BDC9DE800F90646 /* Build configuration list for PBXNativeTarget "tmTests" */ = {
			isa = XCConfigurationList;
			buildConfigurations = (
				0545C2C01BDC9DE800F90646 /* Debug */,
				0545C2C11BDC9DE800F90646 /* Release */,
			);
			defaultConfigurationIsVisible = 0;
			defaultConfigurationName = Release;
		};
		0545C2C21BDC9DE800F90646 /* Build configuration list for PBXNativeTarget "tmUITests" */ = {
			isa = XCConfigurationList;
			buildConfigurations = (
				0545C2C31BDC9DE800F90646 /* Debug */,
				0545C2C41BDC9DE800F90646 /* Release */,
			);
			defaultConfigurationIsVisible = 0;
			defaultConfigurationName = Release;
		};
/* End XCConfigurationList section */
	};
	rootObject = 0545C2871BDC9DE800F90646 /* Project object */;
}
